
Microsoft Visual Studio Solution File, Format Version 12.00
# Visual Studio Version 16
VisualStudioVersion = 16.0.32413.511
MinimumVisualStudioVersion = 10.0.40219.1
Project("{9A19103F-16F7-4668-BE54-9A1E7A4F7556}") = "vector.modulus", "LAB11\vector.modulus.csproj", "{3724DC08-61A4-44C3-8DDC-F79D3E2C6813}"
EndProject
Global
	GlobalSection(SolutionConfigurationPlatforms) = preSolution
		Debug|Any CPU = Debug|Any CPU
		Release|Any CPU = Release|Any CPU
	EndGlobalSection
	GlobalSection(ProjectConfigurationPlatforms) = postSolution
		{3724DC08-61A4-44C3-8DDC-F79D3E2C6813}.Debug|Any CPU.ActiveCfg = Debug|Any CPU
		{3724DC08-61A4-44C3-8DDC-F79D3E2C6813}.Debug|Any CPU.Build.0 = Debug|Any CPU
		{3724DC08-61A4-44C3-8DDC-F79D3E2C6813}.Release|Any CPU.ActiveCfg = Release|Any CPU
		{3724DC08-61A4-44C3-8DDC-F79D3E2C6813}.Release|Any CPU.Build.0 = Release|Any CPU
	EndGlobalSection
	GlobalSection(SolutionProperties) = preSolution
		HideSolutionNode = FALSE
	EndGlobalSection
	GlobalSection(ExtensibilityGlobals) = postSolution
		SolutionGuid = {6AD21DC7-E75C-4F23-A201-0409DF53AC95}
	EndGlobalSection
EndGlobal
